
Microsoft Visual Studio Solution File, Format Version 12.00
# Visual Studio 15
VisualStudioVersion = 15.0.27130.2010
MinimumVisualStudioVersion = 10.0.40219.1
Project("{8BC9CEB8-8B4A-11D0-8D11-00A0C91BC942}") = "BoostPointerContainer", "BoostPointerContainer.vcxproj", "{B1B31855-523E-4E6C-9496-589CF5A1DADA}"
EndProject
Global
	GlobalSection(SolutionConfigurationPlatforms) = preSolution
		Debug|x64 = Debug|x64
		Debug|x86 = Debug|x86
		Release|x64 = Release|x64
		Release|x86 = Release|x86
	EndGlobalSection
	GlobalSection(ProjectConfigurationPlatforms) = postSolution
		{B1B31855-523E-4E6C-9496-589CF5A1DADA}.Debug|x64.ActiveCfg = Debug|x64
		{B1B31855-523E-4E6C-9496-589CF5A1DADA}.Debug|x64.Build.0 = Debug|x64
		{B1B31855-523E-4E6C-9496-589CF5A1DADA}.Debug|x86.ActiveCfg = Debug|Win32
		{B1B31855-523E-4E6C-9496-589CF5A1DADA}.Debug|x86.Build.0 = Debug|Win32
		{B1B31855-523E-4E6C-9496-589CF5A1DADA}.Release|x64.ActiveCfg = Release|x64
		{B1B31855-523E-4E6C-9496-589CF5A1DADA}.Release|x64.Build.0 = Release|x64
		{B1B31855-523E-4E6C-9496-589CF5A1DADA}.Release|x86.ActiveCfg = Release|Win32
		{B1B31855-523E-4E6C-9496-589CF5A1DADA}.Release|x86.Build.0 = Release|Win32
	EndGlobalSection
	GlobalSection(SolutionProperties) = preSolution
		HideSolutionNode = FALSE
	EndGlobalSection
	GlobalSection(ExtensibilityGlobals) = postSolution
		SolutionGuid = {0C9114D9-67B6-4319-B844-6141E664B2B7}
	EndGlobalSection
EndGlobal
